
Microsoft Visual Studio Solution File, Format Version 12.00
# Visual Studio 14
VisualStudioVersion = 14.0.25123.0
MinimumVisualStudioVersion = 10.0.40219.1
Project("{FAE04EC0-301F-11D3-BF4B-00C04F79EFBC}") = "Esty.Droid", "Esty\Esty.Droid\Esty.Droid.csproj", "{0922017B-D471-44AC-9928-1D06872057B1}"
EndProject
Project("{FAE04EC0-301F-11D3-BF4B-00C04F79EFBC}") = "Esty.iOS", "Esty\Esty.iOS\Esty.iOS.csproj", "{B40F00FE-6984-4B89-A64F-D8F27E23C81C}"
EndProject
Project("{FAE04EC0-301F-11D3-BF4B-00C04F79EFBC}") = "Esty.WinPhone", "Esty\Esty.WinPhone\Esty.WinPhone.csproj", "{B9E83767-6396-447C-A578-98D1E74E74EE}"
EndProject
Project("{FAE04EC0-301F-11D3-BF4B-00C04F79EFBC}") = "Esty.UWP", "Esty\Esty.UWP\Esty.UWP.csproj", "{F50A1285-CFC1-4ADF-9E9D-ABC99B62FE56}"
EndProject
Project("{FAE04EC0-301F-11D3-BF4B-00C04F79EFBC}") = "Esty.Windows", "Esty\Esty.Windows\Esty.Windows.csproj", "{313C635C-2045-4728-8DEF-65F6CEB8D3BC}"
EndProject
Project("{D954291E-2A0B-460D-934E-DC6B0785DB48}") = "Esty", "Esty\Esty\Esty.shproj", "{A3DC06DF-4949-48F7-B89C-7A26C15E70C5}"
EndProject
Global
	GlobalSection(SharedMSBuildProjectFiles) = preSolution
		Esty\Esty\Esty.projitems*{a3dc06df-4949-48f7-b89c-7a26c15e70c5}*SharedItemsImports = 13
		Esty\Esty\Esty.projitems*{0922017b-d471-44ac-9928-1d06872057b1}*SharedItemsImports = 4
		Esty\Esty\Esty.projitems*{b40f00fe-6984-4b89-a64f-d8f27e23c81c}*SharedItemsImports = 4
		Esty\Esty\Esty.projitems*{b9e83767-6396-447c-a578-98d1e74e74ee}*SharedItemsImports = 4
		Esty\Esty\Esty.projitems*{313c635c-2045-4728-8def-65f6ceb8d3bc}*SharedItemsImports = 4
	EndGlobalSection
	GlobalSection(SolutionConfigurationPlatforms) = preSolution
		Ad-Hoc|Any CPU = Ad-Hoc|Any CPU
		Ad-Hoc|ARM = Ad-Hoc|ARM
		Ad-Hoc|iPhone = Ad-Hoc|iPhone
		Ad-Hoc|iPhoneSimulator = Ad-Hoc|iPhoneSimulator
		Ad-Hoc|x64 = Ad-Hoc|x64
		Ad-Hoc|x86 = Ad-Hoc|x86
		AppStore|Any CPU = AppStore|Any CPU
		AppStore|ARM = AppStore|ARM
		AppStore|iPhone = AppStore|iPhone
		AppStore|iPhoneSimulator = AppStore|iPhoneSimulator
		AppStore|x64 = AppStore|x64
		AppStore|x86 = AppStore|x86
		Debug|Any CPU = Debug|Any CPU
		Debug|ARM = Debug|ARM
		Debug|iPhone = Debug|iPhone
		Debug|iPhoneSimulator = Debug|iPhoneSimulator
		Debug|x64 = Debug|x64
		Debug|x86 = Debug|x86
		Release|Any CPU = Release|Any CPU
		Release|ARM = Release|ARM
		Release|iPhone = Release|iPhone
		Release|iPhoneSimulator = Release|iPhoneSimulator
		Release|x64 = Release|x64
		Release|x86 = Release|x86
	EndGlobalSection
	GlobalSection(ProjectConfigurationPlatforms) = postSolution
		{0922017B-D471-44AC-9928-1D06872057B1}.Ad-Hoc|Any CPU.ActiveCfg = Release|Any CPU
		{0922017B-D471-44AC-9928-1D06872057B1}.Ad-Hoc|Any CPU.Build.0 = Release|Any CPU
		{0922017B-D471-44AC-9928-1D06872057B1}.Ad-Hoc|Any CPU.Deploy.0 = Release|Any CPU
		{0922017B-D471-44AC-9928-1D06872057B1}.Ad-Hoc|ARM.ActiveCfg = Release|Any CPU
		{0922017B-D471-44AC-9928-1D06872057B1}.Ad-Hoc|ARM.Build.0 = Release|Any CPU
		{0922017B-D471-44AC-9928-1D06872057B1}.Ad-Hoc|ARM.Deploy.0 = Release|Any CPU
		{0922017B-D471-44AC-9928-1D06872057B1}.Ad-Hoc|iPhone.ActiveCfg = Release|Any CPU
		{0922017B-D471-44AC-9928-1D06872057B1}.Ad-Hoc|iPhone.Build.0 = Release|Any CPU
		{0922017B-D471-44AC-9928-1D06872057B1}.Ad-Hoc|iPhone.Deploy.0 = Release|Any CPU
		{0922017B-D471-44AC-9928-1D06872057B1}.Ad-Hoc|iPhoneSimulator.ActiveCfg = Release|Any CPU
		{0922017B-D471-44AC-9928-1D06872057B1}.Ad-Hoc|iPhoneSimulator.Build.0 = Release|Any CPU
		{0922017B-D471-44AC-9928-1D06872057B1}.Ad-Hoc|iPhoneSimulator.Deploy.0 = Release|Any CPU
		{0922017B-D471-44AC-9928-1D06872057B1}.Ad-Hoc|x64.ActiveCfg = Release|Any CPU
		{0922017B-D471-44AC-9928-1D06872057B1}.Ad-Hoc|x64.Build.0 = Release|Any CPU
		{0922017B-D471-44AC-9928-1D06872057B1}.Ad-Hoc|x64.Deploy.0 = Release|Any CPU
		{0922017B-D471-44AC-9928-1D06872057B1}.Ad-Hoc|x86.ActiveCfg = Release|Any CPU
		{0922017B-D471-44AC-9928-1D06872057B1}.Ad-Hoc|x86.Build.0 = Release|Any CPU
		{0922017B-D471-44AC-9928-1D06872057B1}.Ad-Hoc|x86.Deploy.0 = Release|Any CPU
		{0922017B-D471-44AC-9928-1D06872057B1}.AppStore|Any CPU.ActiveCfg = Release|Any CPU
		{0922017B-D471-44AC-9928-1D06872057B1}.AppStore|Any CPU.Build.0 = Release|Any CPU
		{0922017B-D471-44AC-9928-1D06872057B1}.AppStore|Any CPU.Deploy.0 = Release|Any CPU
		{0922017B-D471-44AC-9928-1D06872057B1}.AppStore|ARM.ActiveCfg = Release|Any CPU
		{0922017B-D471-44AC-9928-1D06872057B1}.AppStore|ARM.Build.0 = Release|Any CPU
		{0922017B-D471-44AC-9928-1D06872057B1}.AppStore|ARM.Deploy.0 = Release|Any CPU
		{0922017B-D471-44AC-9928-1D06872057B1}.AppStore|iPhone.ActiveCfg = Release|Any CPU
		{0922017B-D471-44AC-9928-1D06872057B1}.AppStore|iPhone.Build.0 = Release|Any CPU
		{0922017B-D471-44AC-9928-1D06872057B1}.AppStore|iPhone.Deploy.0 = Release|Any CPU
		{0922017B-D471-44AC-9928-1D06872057B1}.AppStore|iPhoneSimulator.ActiveCfg = Release|Any CPU
		{0922017B-D471-44AC-9928-1D06872057B1}.AppStore|iPhoneSimulator.Build.0 = Release|Any CPU
		{0922017B-D471-44AC-9928-1D06872057B1}.AppStore|iPhoneSimulator.Deploy.0 = Release|Any CPU
		{0922017B-D471-44AC-9928-1D06872057B1}.AppStore|x64.ActiveCfg = Release|Any CPU
		{0922017B-D471-44AC-9928-1D06872057B1}.AppStore|x64.Build.0 = Release|Any CPU
		{0922017B-D471-44AC-9928-1D06872057B1}.AppStore|x64.Deploy.0 = Release|Any CPU
		{0922017B-D471-44AC-9928-1D06872057B1}.AppStore|x86.ActiveCfg = Release|Any CPU
		{0922017B-D471-44AC-9928-1D06872057B1}.AppStore|x86.Build.0 = Release|Any CPU
		{0922017B-D471-44AC-9928-1D06872057B1}.AppStore|x86.Deploy.0 = Release|Any CPU
		{0922017B-D471-44AC-9928-1D06872057B1}.Debug|Any CPU.ActiveCfg = Debug|Any CPU
		{0922017B-D471-44AC-9928-1D06872057B1}.Debug|Any CPU.Build.0 = Debug|Any CPU
		{0922017B-D471-44AC-9928-1D06872057B1}.Debug|Any CPU.Deploy.0 = Debug|Any CPU
		{0922017B-D471-44AC-9928-1D06872057B1}.Debug|ARM.ActiveCfg = Debug|Any CPU
		{0922017B-D471-44AC-9928-1D06872057B1}.Debug|ARM.Build.0 = Debug|Any CPU
		{0922017B-D471-44AC-9928-1D06872057B1}.Debug|ARM.Deploy.0 = Debug|Any CPU
		{0922017B-D471-44AC-9928-1D06872057B1}.Debug|iPhone.ActiveCfg = Debug|Any CPU
		{0922017B-D471-44AC-9928-1D06872057B1}.Debug|iPhone.Build.0 = Debug|Any CPU
		{0922017B-D471-44AC-9928-1D06872057B1}.Debug|iPhone.Deploy.0 = Debug|Any CPU
		{0922017B-D471-44AC-9928-1D06872057B1}.Debug|iPhoneSimulator.ActiveCfg = Debug|Any CPU
		{0922017B-D471-44AC-9928-1D06872057B1}.Debug|iPhoneSimulator.Build.0 = Debug|Any CPU
		{0922017B-D471-44AC-9928-1D06872057B1}.Debug|iPhoneSimulator.Deploy.0 = Debug|Any CPU
		{0922017B-D471-44AC-9928-1D06872057B1}.Debug|x64.ActiveCfg = Debug|Any CPU
		{0922017B-D471-44AC-9928-1D06872057B1}.Debug|x64.Build.0 = Debug|Any CPU
		{0922017B-D471-44AC-9928-1D06872057B1}.Debug|x64.Deploy.0 = Debug|Any CPU
		{0922017B-D471-44AC-9928-1D06872057B1}.Debug|x86.ActiveCfg = Debug|Any CPU
		{0922017B-D471-44AC-9928-1D06872057B1}.Debug|x86.Build.0 = Debug|Any CPU
		{0922017B-D471-44AC-9928-1D06872057B1}.Debug|x86.Deploy.0 = Debug|Any CPU
		{0922017B-D471-44AC-9928-1D06872057B1}.Release|Any CPU.ActiveCfg = Release|Any CPU
		{0922017B-D471-44AC-9928-1D06872057B1}.Release|Any CPU.Build.0 = Release|Any CPU
		{0922017B-D471-44AC-9928-1D06872057B1}.Release|Any CPU.Deploy.0 = Release|Any CPU
		{0922017B-D471-44AC-9928-1D06872057B1}.Release|ARM.ActiveCfg = Release|Any CPU
		{0922017B-D471-44AC-9928-1D06872057B1}.Release|ARM.Build.0 = Release|Any CPU
		{0922017B-D471-44AC-9928-1D06872057B1}.Release|ARM.Deploy.0 = Release|Any CPU
		{0922017B-D471-44AC-9928-1D06872057B1}.Release|iPhone.ActiveCfg = Release|Any CPU
		{0922017B-D471-44AC-9928-1D06872057B1}.Release|iPhone.Build.0 = Release|Any CPU
		{0922017B-D471-44AC-9928-1D06872057B1}.Release|iPhone.Deploy.0 = Release|Any CPU
		{0922017B-D471-44AC-9928-1D06872057B1}.Release|iPhoneSimulator.ActiveCfg = Release|Any CPU
		{0922017B-D471-44AC-9928-1D06872057B1}.Release|iPhoneSimulator.Build.0 = Release|Any CPU
		{0922017B-D471-44AC-9928-1D06872057B1}.Release|iPhoneSimulator.Deploy.0 = Release|Any CPU
		{0922017B-D471-44AC-9928-1D06872057B1}.Release|x64.ActiveCfg = Release|Any CPU
		{0922017B-D471-44AC-9928-1D06872057B1}.Release|x64.Build.0 = Release|Any CPU
		{0922017B-D471-44AC-9928-1D06872057B1}.Release|x64.Deploy.0 = Release|Any CPU
		{0922017B-D471-44AC-9928-1D06872057B1}.Release|x86.ActiveCfg = Release|Any CPU
		{0922017B-D471-44AC-9928-1D06872057B1}.Release|x86.Build.0 = Release|Any CPU
		{0922017B-D471-44AC-9928-1D06872057B1}.Release|x86.Deploy.0 = Release|Any CPU
		{B40F00FE-6984-4B89-A64F-D8F27E23C81C}.Ad-Hoc|Any CPU.ActiveCfg = Ad-Hoc|iPhone
		{B40F00FE-6984-4B89-A64F-D8F27E23C81C}.Ad-Hoc|ARM.ActiveCfg = Ad-Hoc|iPhone
		{B40F00FE-6984-4B89-A64F-D8F27E23C81C}.Ad-Hoc|iPhone.ActiveCfg = Ad-Hoc|iPhone
		{B40F00FE-6984-4B89-A64F-D8F27E23C81C}.Ad-Hoc|iPhone.Build.0 = Ad-Hoc|iPhone
		{B40F00FE-6984-4B89-A64F-D8F27E23C81C}.Ad-Hoc|iPhoneSimulator.ActiveCfg = Ad-Hoc|iPhoneSimulator
		{B40F00FE-6984-4B89-A64F-D8F27E23C81C}.Ad-Hoc|iPhoneSimulator.Build.0 = Ad-Hoc|iPhoneSimulator
		{B40F00FE-6984-4B89-A64F-D8F27E23C81C}.Ad-Hoc|x64.ActiveCfg = Ad-Hoc|iPhone
		{B40F00FE-6984-4B89-A64F-D8F27E23C81C}.Ad-Hoc|x86.ActiveCfg = Ad-Hoc|iPhone
		{B40F00FE-6984-4B89-A64F-D8F27E23C81C}.AppStore|Any CPU.ActiveCfg = AppStore|iPhone
		{B40F00FE-6984-4B89-A64F-D8F27E23C81C}.AppStore|ARM.ActiveCfg = AppStore|iPhone
		{B40F00FE-6984-4B89-A64F-D8F27E23C81C}.AppStore|iPhone.ActiveCfg = AppStore|iPhone
		{B40F00FE-6984-4B89-A64F-D8F27E23C81C}.AppStore|iPhone.Build.0 = AppStore|iPhone
		{B40F00FE-6984-4B89-A64F-D8F27E23C81C}.AppStore|iPhoneSimulator.ActiveCfg = AppStore|iPhoneSimulator
		{B40F00FE-6984-4B89-A64F-D8F27E23C81C}.AppStore|iPhoneSimulator.Build.0 = AppStore|iPhoneSimulator
		{B40F00FE-6984-4B89-A64F-D8F27E23C81C}.AppStore|x64.ActiveCfg = AppStore|iPhone
		{B40F00FE-6984-4B89-A64F-D8F27E23C81C}.AppStore|x86.ActiveCfg = AppStore|iPhone
		{B40F00FE-6984-4B89-A64F-D8F27E23C81C}.Debug|Any CPU.ActiveCfg = Debug|iPhone
		{B40F00FE-6984-4B89-A64F-D8F27E23C81C}.Debug|ARM.ActiveCfg = Debug|iPhone
		{B40F00FE-6984-4B89-A64F-D8F27E23C81C}.Debug|iPhone.ActiveCfg = Debug|iPhone
		{B40F00FE-6984-4B89-A64F-D8F27E23C81C}.Debug|iPhone.Build.0 = Debug|iPhone
		{B40F00FE-6984-4B89-A64F-D8F27E23C81C}.Debug|iPhoneSimulator.ActiveCfg = Debug|iPhoneSimulator
		{B40F00FE-6984-4B89-A64F-D8F27E23C81C}.Debug|iPhoneSimulator.Build.0 = Debug|iPhoneSimulator
		{B40F00FE-6984-4B89-A64F-D8F27E23C81C}.Debug|x64.ActiveCfg = Debug|iPhone
		{B40F00FE-6984-4B89-A64F-D8F27E23C81C}.Debug|x86.ActiveCfg = Debug|iPhone
		{B40F00FE-6984-4B89-A64F-D8F27E23C81C}.Release|Any CPU.ActiveCfg = Release|iPhone
		{B40F00FE-6984-4B89-A64F-D8F27E23C81C}.Release|ARM.ActiveCfg = Release|iPhone
		{B40F00FE-6984-4B89-A64F-D8F27E23C81C}.Release|iPhone.ActiveCfg = Release|iPhone
		{B40F00FE-6984-4B89-A64F-D8F27E23C81C}.Release|iPhone.Build.0 = Release|iPhone
		{B40F00FE-6984-4B89-A64F-D8F27E23C81C}.Release|iPhoneSimulator.ActiveCfg = Release|iPhoneSimulator
		{B40F00FE-6984-4B89-A64F-D8F27E23C81C}.Release|iPhoneSimulator.Build.0 = Release|iPhoneSimulator
		{B40F00FE-6984-4B89-A64F-D8F27E23C81C}.Release|x64.ActiveCfg = Release|iPhone
		{B40F00FE-6984-4B89-A64F-D8F27E23C81C}.Release|x86.ActiveCfg = Release|iPhone
		{B9E83767-6396-447C-A578-98D1E74E74EE}.Ad-Hoc|Any CPU.ActiveCfg = Release|Any CPU
		{B9E83767-6396-447C-A578-98D1E74E74EE}.Ad-Hoc|Any CPU.Build.0 = Release|Any CPU
		{B9E83767-6396-447C-A578-98D1E74E74EE}.Ad-Hoc|Any CPU.Deploy.0 = Release|Any CPU
		{B9E83767-6396-447C-A578-98D1E74E74EE}.Ad-Hoc|ARM.ActiveCfg = Release|ARM
		{B9E83767-6396-447C-A578-98D1E74E74EE}.Ad-Hoc|ARM.Build.0 = Release|ARM
		{B9E83767-6396-447C-A578-98D1E74E74EE}.Ad-Hoc|ARM.Deploy.0 = Release|ARM
		{B9E83767-6396-447C-A578-98D1E74E74EE}.Ad-Hoc|iPhone.ActiveCfg = Release|Any CPU
		{B9E83767-6396-447C-A578-98D1E74E74EE}.Ad-Hoc|iPhone.Build.0 = Release|Any CPU
		{B9E83767-6396-447C-A578-98D1E74E74EE}.Ad-Hoc|iPhone.Deploy.0 = Release|Any CPU
		{B9E83767-6396-447C-A578-98D1E74E74EE}.Ad-Hoc|iPhoneSimulator.ActiveCfg = Release|Any CPU
		{B9E83767-6396-447C-A578-98D1E74E74EE}.Ad-Hoc|iPhoneSimulator.Build.0 = Release|Any CPU
		{B9E83767-6396-447C-A578-98D1E74E74EE}.Ad-Hoc|iPhoneSimulator.Deploy.0 = Release|Any CPU
		{B9E83767-6396-447C-A578-98D1E74E74EE}.Ad-Hoc|x64.ActiveCfg = Release|Any CPU
		{B9E83767-6396-447C-A578-98D1E74E74EE}.Ad-Hoc|x64.Build.0 = Release|Any CPU
		{B9E83767-6396-447C-A578-98D1E74E74EE}.Ad-Hoc|x64.Deploy.0 = Release|Any CPU
		{B9E83767-6396-447C-A578-98D1E74E74EE}.Ad-Hoc|x86.ActiveCfg = Release|x86
		{B9E83767-6396-447C-A578-98D1E74E74EE}.Ad-Hoc|x86.Build.0 = Release|x86
		{B9E83767-6396-447C-A578-98D1E74E74EE}.Ad-Hoc|x86.Deploy.0 = Release|x86
		{B9E83767-6396-447C-A578-98D1E74E74EE}.AppStore|Any CPU.ActiveCfg = Release|Any CPU
		{B9E83767-6396-447C-A578-98D1E74E74EE}.AppStore|Any CPU.Build.0 = Release|Any CPU
		{B9E83767-6396-447C-A578-98D1E74E74EE}.AppStore|Any CPU.Deploy.0 = Release|Any CPU
		{B9E83767-6396-447C-A578-98D1E74E74EE}.AppStore|ARM.ActiveCfg = Release|ARM
		{B9E83767-6396-447C-A578-98D1E74E74EE}.AppStore|ARM.Build.0 = Release|ARM
		{B9E83767-6396-447C-A578-98D1E74E74EE}.AppStore|ARM.Deploy.0 = Release|ARM
		{B9E83767-6396-447C-A578-98D1E74E74EE}.AppStore|iPhone.ActiveCfg = Release|Any CPU
		{B9E83767-6396-447C-A578-98D1E74E74EE}.AppStore|iPhone.Build.0 = Release|Any CPU
		{B9E83767-6396-447C-A578-98D1E74E74EE}.AppStore|iPhone.Deploy.0 = Release|Any CPU
		{B9E83767-6396-447C-A578-98D1E74E74EE}.AppStore|iPhoneSimulator.ActiveCfg = Release|Any CPU
		{B9E83767-6396-447C-A578-98D1E74E74EE}.AppStore|iPhoneSimulator.Build.0 = Release|Any CPU
		{B9E83767-6396-447C-A578-98D1E74E74EE}.AppStore|iPhoneSimulator.Deploy.0 = Release|Any CPU
		{B9E83767-6396-447C-A578-98D1E74E74EE}.AppStore|x64.ActiveCfg = Release|Any CPU
		{B9E83767-6396-447C-A578-98D1E74E74EE}.AppStore|x64.Build.0 = Release|Any CPU
		{B9E83767-6396-447C-A578-98D1E74E74EE}.AppStore|x64.Deploy.0 = Release|Any CPU
		{B9E83767-6396-447C-A578-98D1E74E74EE}.AppStore|x86.ActiveCfg = Release|x86
		{B9E83767-6396-447C-A578-98D1E74E74EE}.AppStore|x86.Build.0 = Release|x86
		{B9E83767-6396-447C-A578-98D1E74E74EE}.AppStore|x86.Deploy.0 = Release|x86
		{B9E83767-6396-447C-A578-98D1E74E74EE}.Debug|Any CPU.ActiveCfg = Debug|Any CPU
		{B9E83767-6396-447C-A578-98D1E74E74EE}.Debug|Any CPU.Build.0 = Debug|Any CPU
		{B9E83767-6396-447C-A578-98D1E74E74EE}.Debug|Any CPU.Deploy.0 = Debug|Any CPU
		{B9E83767-6396-447C-A578-98D1E74E74EE}.Debug|ARM.ActiveCfg = Debug|ARM
		{B9E83767-6396-447C-A578-98D1E74E74EE}.Debug|ARM.Build.0 = Debug|ARM
		{B9E83767-6396-447C-A578-98D1E74E74EE}.Debug|ARM.Deploy.0 = Debug|ARM
		{B9E83767-6396-447C-A578-98D1E74E74EE}.Debug|iPhone.ActiveCfg = Debug|Any CPU
		{B9E83767-6396-447C-A578-98D1E74E74EE}.Debug|iPhone.Build.0 = Debug|Any CPU
		{B9E83767-6396-447C-A578-98D1E74E74EE}.Debug|iPhone.Deploy.0 = Debug|Any CPU
		{B9E83767-6396-447C-A578-98D1E74E74EE}.Debug|iPhoneSimulator.ActiveCfg = Debug|Any CPU
		{B9E83767-6396-447C-A578-98D1E74E74EE}.Debug|iPhoneSimulator.Build.0 = Debug|Any CPU
		{B9E83767-6396-447C-A578-98D1E74E74EE}.Debug|iPhoneSimulator.Deploy.0 = Debug|Any CPU
		{B9E83767-6396-447C-A578-98D1E74E74EE}.Debug|x64.ActiveCfg = Debug|Any CPU
		{B9E83767-6396-447C-A578-98D1E74E74EE}.Debug|x64.Build.0 = Debug|Any CPU
		{B9E83767-6396-447C-A578-98D1E74E74EE}.Debug|x64.Deploy.0 = Debug|Any CPU
		{B9E83767-6396-447C-A578-98D1E74E74EE}.Debug|x86.ActiveCfg = Debug|x86
		{B9E83767-6396-447C-A578-98D1E74E74EE}.Debug|x86.Build.0 = Debug|x86
		{B9E83767-6396-447C-A578-98D1E74E74EE}.Debug|x86.Deploy.0 = Debug|x86
		{B9E83767-6396-447C-A578-98D1E74E74EE}.Release|Any CPU.ActiveCfg = Release|Any CPU
		{B9E83767-6396-447C-A578-98D1E74E74EE}.Release|Any CPU.Build.0 = Release|Any CPU
		{B9E83767-6396-447C-A578-98D1E74E74EE}.Release|Any CPU.Deploy.0 = Release|Any CPU
		{B9E83767-6396-447C-A578-98D1E74E74EE}.Release|ARM.ActiveCfg = Release|ARM
		{B9E83767-6396-447C-A578-98D1E74E74EE}.Release|ARM.Build.0 = Release|ARM
		{B9E83767-6396-447C-A578-98D1E74E74EE}.Release|ARM.Deploy.0 = Release|ARM
		{B9E83767-6396-447C-A578-98D1E74E74EE}.Release|iPhone.ActiveCfg = Release|Any CPU
		{B9E83767-6396-447C-A578-98D1E74E74EE}.Release|iPhone.Build.0 = Release|Any CPU
		{B9E83767-6396-447C-A578-98D1E74E74EE}.Release|iPhone.Deploy.0 = Release|Any CPU
		{B9E83767-6396-447C-A578-98D1E74E74EE}.Release|iPhoneSimulator.ActiveCfg = Release|Any CPU
		{B9E83767-6396-447C-A578-98D1E74E74EE}.Release|iPhoneSimulator.Build.0 = Release|Any CPU
		{B9E83767-6396-447C-A578-98D1E74E74EE}.Release|iPhoneSimulator.Deploy.0 = Release|Any CPU
		{B9E83767-6396-447C-A578-98D1E74E74EE}.Release|x64.ActiveCfg = Release|Any CPU
		{B9E83767-6396-447C-A578-98D1E74E74EE}.Release|x64.Build.0 = Release|Any CPU
		{B9E83767-6396-447C-A578-98D1E74E74EE}.Release|x64.Deploy.0 = Release|Any CPU
		{B9E83767-6396-447C-A578-98D1E74E74EE}.Release|x86.ActiveCfg = Release|x86
		{B9E83767-6396-447C-A578-98D1E74E74EE}.Release|x86.Build.0 = Release|x86
		{B9E83767-6396-447C-A578-98D1E74E74EE}.Release|x86.Deploy.0 = Release|x86
		{F50A1285-CFC1-4ADF-9E9D-ABC99B62FE56}.Ad-Hoc|Any CPU.ActiveCfg = Release|x86
		{F50A1285-CFC1-4ADF-9E9D-ABC99B62FE56}.Ad-Hoc|Any CPU.Build.0 = Release|x86
		{F50A1285-CFC1-4ADF-9E9D-ABC99B62FE56}.Ad-Hoc|Any CPU.Deploy.0 = Release|x86
		{F50A1285-CFC1-4ADF-9E9D-ABC99B62FE56}.Ad-Hoc|ARM.ActiveCfg = Release|ARM
		{F50A1285-CFC1-4ADF-9E9D-ABC99B62FE56}.Ad-Hoc|ARM.Build.0 = Release|ARM
		{F50A1285-CFC1-4ADF-9E9D-ABC99B62FE56}.Ad-Hoc|ARM.Deploy.0 = Release|ARM
		{F50A1285-CFC1-4ADF-9E9D-ABC99B62FE56}.Ad-Hoc|iPhone.ActiveCfg = Release|x86
		{F50A1285-CFC1-4ADF-9E9D-ABC99B62FE56}.Ad-Hoc|iPhone.Build.0 = Release|x86
		{F50A1285-CFC1-4ADF-9E9D-ABC99B62FE56}.Ad-Hoc|iPhone.Deploy.0 = Release|x86
		{F50A1285-CFC1-4ADF-9E9D-ABC99B62FE56}.Ad-Hoc|iPhoneSimulator.ActiveCfg = Release|x86
		{F50A1285-CFC1-4ADF-9E9D-ABC99B62FE56}.Ad-Hoc|iPhoneSimulator.Build.0 = Release|x86
		{F50A1285-CFC1-4ADF-9E9D-ABC99B62FE56}.Ad-Hoc|iPhoneSimulator.Deploy.0 = Release|x86
		{F50A1285-CFC1-4ADF-9E9D-ABC99B62FE56}.Ad-Hoc|x64.ActiveCfg = Release|x64
		{F50A1285-CFC1-4ADF-9E9D-ABC99B62FE56}.Ad-Hoc|x64.Build.0 = Release|x64
		{F50A1285-CFC1-4ADF-9E9D-ABC99B62FE56}.Ad-Hoc|x64.Deploy.0 = Release|x64
		{F50A1285-CFC1-4ADF-9E9D-ABC99B62FE56}.Ad-Hoc|x86.ActiveCfg = Release|x86
		{F50A1285-CFC1-4ADF-9E9D-ABC99B62FE56}.Ad-Hoc|x86.Build.0 = Release|x86
		{F50A1285-CFC1-4ADF-9E9D-ABC99B62FE56}.Ad-Hoc|x86.Deploy.0 = Release|x86
		{F50A1285-CFC1-4ADF-9E9D-ABC99B62FE56}.AppStore|Any CPU.ActiveCfg = Release|x86
		{F50A1285-CFC1-4ADF-9E9D-ABC99B62FE56}.AppStore|Any CPU.Build.0 = Release|x86
		{F50A1285-CFC1-4ADF-9E9D-ABC99B62FE56}.AppStore|Any CPU.Deploy.0 = Release|x86
		{F50A1285-CFC1-4ADF-9E9D-ABC99B62FE56}.AppStore|ARM.ActiveCfg = Release|ARM
		{F50A1285-CFC1-4ADF-9E9D-ABC99B62FE56}.AppStore|ARM.Build.0 = Release|ARM
		{F50A1285-CFC1-4ADF-9E9D-ABC99B62FE56}.AppStore|ARM.Deploy.0 = Release|ARM
		{F50A1285-CFC1-4ADF-9E9D-ABC99B62FE56}.AppStore|iPhone.ActiveCfg = Release|x86
		{F50A1285-CFC1-4ADF-9E9D-ABC99B62FE56}.AppStore|iPhone.Build.0 = Release|x86
		{F50A1285-CFC1-4ADF-9E9D-ABC99B62FE56}.AppStore|iPhone.Deploy.0 = Release|x86
		{F50A1285-CFC1-4ADF-9E9D-ABC99B62FE56}.AppStore|iPhoneSimulator.ActiveCfg = Release|x86
		{F50A1285-CFC1-4ADF-9E9D-ABC99B62FE56}.AppStore|iPhoneSimulator.Build.0 = Release|x86
		{F50A1285-CFC1-4ADF-9E9D-ABC99B62FE56}.AppStore|iPhoneSimulator.Deploy.0 = Release|x86
		{F50A1285-CFC1-4ADF-9E9D-ABC99B62FE56}.AppStore|x64.ActiveCfg = Release|x64
		{F50A1285-CFC1-4ADF-9E9D-ABC99B62FE56}.AppStore|x64.Build.0 = Release|x64
		{F50A1285-CFC1-4ADF-9E9D-ABC99B62FE56}.AppStore|x64.Deploy.0 = Release|x64
		{F50A1285-CFC1-4ADF-9E9D-ABC99B62FE56}.AppStore|x86.ActiveCfg = Release|x86
		{F50A1285-CFC1-4ADF-9E9D-ABC99B62FE56}.AppStore|x86.Build.0 = Release|x86
		{F50A1285-CFC1-4ADF-9E9D-ABC99B62FE56}.AppStore|x86.Deploy.0 = Release|x86
		{F50A1285-CFC1-4ADF-9E9D-ABC99B62FE56}.Debug|Any CPU.ActiveCfg = Debug|x86
		{F50A1285-CFC1-4ADF-9E9D-ABC99B62FE56}.Debug|ARM.ActiveCfg = Debug|ARM
		{F50A1285-CFC1-4ADF-9E9D-ABC99B62FE56}.Debug|ARM.Build.0 = Debug|ARM
		{F50A1285-CFC1-4ADF-9E9D-ABC99B62FE56}.Debug|ARM.Deploy.0 = Debug|ARM
		{F50A1285-CFC1-4ADF-9E9D-ABC99B62FE56}.Debug|iPhone.ActiveCfg = Debug|x86
		{F50A1285-CFC1-4ADF-9E9D-ABC99B62FE56}.Debug|iPhoneSimulator.ActiveCfg = Debug|x86
		{F50A1285-CFC1-4ADF-9E9D-ABC99B62FE56}.Debug|x64.ActiveCfg = Debug|x64
		{F50A1285-CFC1-4ADF-9E9D-ABC99B62FE56}.Debug|x64.Build.0 = Debug|x64
		{F50A1285-CFC1-4ADF-9E9D-ABC99B62FE56}.Debug|x64.Deploy.0 = Debug|x64
		{F50A1285-CFC1-4ADF-9E9D-ABC99B62FE56}.Debug|x86.ActiveCfg = Debug|x86
		{F50A1285-CFC1-4ADF-9E9D-ABC99B62FE56}.Debug|x86.Build.0 = Debug|x86
		{F50A1285-CFC1-4ADF-9E9D-ABC99B62FE56}.Debug|x86.Deploy.0 = Debug|x86
		{F50A1285-CFC1-4ADF-9E9D-ABC99B62FE56}.Release|Any CPU.ActiveCfg = Release|x86
		{F50A1285-CFC1-4ADF-9E9D-ABC99B62FE56}.Release|ARM.ActiveCfg = Release|ARM
		{F50A1285-CFC1-4ADF-9E9D-ABC99B62FE56}.Release|ARM.Build.0 = Release|ARM
		{F50A1285-CFC1-4ADF-9E9D-ABC99B62FE56}.Release|ARM.Deploy.0 = Release|ARM
		{F50A1285-CFC1-4ADF-9E9D-ABC99B62FE56}.Release|iPhone.ActiveCfg = Release|x86
		{F50A1285-CFC1-4ADF-9E9D-ABC99B62FE56}.Release|iPhoneSimulator.ActiveCfg = Release|x86
		{F50A1285-CFC1-4ADF-9E9D-ABC99B62FE56}.Release|x64.ActiveCfg = Release|x64
		{F50A1285-CFC1-4ADF-9E9D-ABC99B62FE56}.Release|x64.Build.0 = Release|x64
		{F50A1285-CFC1-4ADF-9E9D-ABC99B62FE56}.Release|x64.Deploy.0 = Release|x64
		{F50A1285-CFC1-4ADF-9E9D-ABC99B62FE56}.Release|x86.ActiveCfg = Release|x86
		{F50A1285-CFC1-4ADF-9E9D-ABC99B62FE56}.Release|x86.Build.0 = Release|x86
		{F50A1285-CFC1-4ADF-9E9D-ABC99B62FE56}.Release|x86.Deploy.0 = Release|x86
		{313C635C-2045-4728-8DEF-65F6CEB8D3BC}.Ad-Hoc|Any CPU.ActiveCfg = Release|Any CPU
		{313C635C-2045-4728-8DEF-65F6CEB8D3BC}.Ad-Hoc|Any CPU.Build.0 = Release|Any CPU
		{313C635C-2045-4728-8DEF-65F6CEB8D3BC}.Ad-Hoc|Any CPU.Deploy.0 = Release|Any CPU
		{313C635C-2045-4728-8DEF-65F6CEB8D3BC}.Ad-Hoc|ARM.ActiveCfg = Release|ARM
		{313C635C-2045-4728-8DEF-65F6CEB8D3BC}.Ad-Hoc|ARM.Build.0 = Release|ARM
		{313C635C-2045-4728-8DEF-65F6CEB8D3BC}.Ad-Hoc|ARM.Deploy.0 = Release|ARM
		{313C635C-2045-4728-8DEF-65F6CEB8D3BC}.Ad-Hoc|iPhone.ActiveCfg = Release|Any CPU
		{313C635C-2045-4728-8DEF-65F6CEB8D3BC}.Ad-Hoc|iPhone.Build.0 = Release|Any CPU
		{313C635C-2045-4728-8DEF-65F6CEB8D3BC}.Ad-Hoc|iPhone.Deploy.0 = Release|Any CPU
		{313C635C-2045-4728-8DEF-65F6CEB8D3BC}.Ad-Hoc|iPhoneSimulator.ActiveCfg = Release|Any CPU
		{313C635C-2045-4728-8DEF-65F6CEB8D3BC}.Ad-Hoc|iPhoneSimulator.Build.0 = Release|Any CPU
		{313C635C-2045-4728-8DEF-65F6CEB8D3BC}.Ad-Hoc|iPhoneSimulator.Deploy.0 = Release|Any CPU
		{313C635C-2045-4728-8DEF-65F6CEB8D3BC}.Ad-Hoc|x64.ActiveCfg = Release|x64
		{313C635C-2045-4728-8DEF-65F6CEB8D3BC}.Ad-Hoc|x64.Build.0 = Release|x64
		{313C635C-2045-4728-8DEF-65F6CEB8D3BC}.Ad-Hoc|x64.Deploy.0 = Release|x64
		{313C635C-2045-4728-8DEF-65F6CEB8D3BC}.Ad-Hoc|x86.ActiveCfg = Release|x86
		{313C635C-2045-4728-8DEF-65F6CEB8D3BC}.Ad-Hoc|x86.Build.0 = Release|x86
		{313C635C-2045-4728-8DEF-65F6CEB8D3BC}.Ad-Hoc|x86.Deploy.0 = Release|x86
		{313C635C-2045-4728-8DEF-65F6CEB8D3BC}.AppStore|Any CPU.ActiveCfg = Release|Any CPU
		{313C635C-2045-4728-8DEF-65F6CEB8D3BC}.AppStore|Any CPU.Build.0 = Release|Any CPU
		{313C635C-2045-4728-8DEF-65F6CEB8D3BC}.AppStore|Any CPU.Deploy.0 = Release|Any CPU
		{313C635C-2045-4728-8DEF-65F6CEB8D3BC}.AppStore|ARM.ActiveCfg = Release|ARM
		{313C635C-2045-4728-8DEF-65F6CEB8D3BC}.AppStore|ARM.Build.0 = Release|ARM
		{313C635C-2045-4728-8DEF-65F6CEB8D3BC}.AppStore|ARM.Deploy.0 = Release|ARM
		{313C635C-2045-4728-8DEF-65F6CEB8D3BC}.AppStore|iPhone.ActiveCfg = Release|Any CPU
		{313C635C-2045-4728-8DEF-65F6CEB8D3BC}.AppStore|iPhone.Build.0 = Release|Any CPU
		{313C635C-2045-4728-8DEF-65F6CEB8D3BC}.AppStore|iPhone.Deploy.0 = Release|Any CPU
		{313C635C-2045-4728-8DEF-65F6CEB8D3BC}.AppStore|iPhoneSimulator.ActiveCfg = Release|Any CPU
		{313C635C-2045-4728-8DEF-65F6CEB8D3BC}.AppStore|iPhoneSimulator.Build.0 = Release|Any CPU
		{313C635C-2045-4728-8DEF-65F6CEB8D3BC}.AppStore|iPhoneSimulator.Deploy.0 = Release|Any CPU
		{313C635C-2045-4728-8DEF-65F6CEB8D3BC}.AppStore|x64.ActiveCfg = Release|x64
		{313C635C-2045-4728-8DEF-65F6CEB8D3BC}.AppStore|x64.Build.0 = Release|x64
		{313C635C-2045-4728-8DEF-65F6CEB8D3BC}.AppStore|x64.Deploy.0 = Release|x64
		{313C635C-2045-4728-8DEF-65F6CEB8D3BC}.AppStore|x86.ActiveCfg = Release|x86
		{313C635C-2045-4728-8DEF-65F6CEB8D3BC}.AppStore|x86.Build.0 = Release|x86
		{313C635C-2045-4728-8DEF-65F6CEB8D3BC}.AppStore|x86.Deploy.0 = Release|x86
		{313C635C-2045-4728-8DEF-65F6CEB8D3BC}.Debug|Any CPU.ActiveCfg = Debug|Any CPU
		{313C635C-2045-4728-8DEF-65F6CEB8D3BC}.Debug|Any CPU.Build.0 = Debug|Any CPU
		{313C635C-2045-4728-8DEF-65F6CEB8D3BC}.Debug|Any CPU.Deploy.0 = Debug|Any CPU
		{313C635C-2045-4728-8DEF-65F6CEB8D3BC}.Debug|ARM.ActiveCfg = Debug|ARM
		{313C635C-2045-4728-8DEF-65F6CEB8D3BC}.Debug|ARM.Build.0 = Debug|ARM
		{313C635C-2045-4728-8DEF-65F6CEB8D3BC}.Debug|ARM.Deploy.0 = Debug|ARM
		{313C635C-2045-4728-8DEF-65F6CEB8D3BC}.Debug|iPhone.ActiveCfg = Debug|Any CPU
		{313C635C-2045-4728-8DEF-65F6CEB8D3BC}.Debug|iPhone.Build.0 = Debug|Any CPU
		{313C635C-2045-4728-8DEF-65F6CEB8D3BC}.Debug|iPhone.Deploy.0 = Debug|Any CPU
		{313C635C-2045-4728-8DEF-65F6CEB8D3BC}.Debug|iPhoneSimulator.ActiveCfg = Debug|Any CPU
		{313C635C-2045-4728-8DEF-65F6CEB8D3BC}.Debug|iPhoneSimulator.Build.0 = Debug|Any CPU
		{313C635C-2045-4728-8DEF-65F6CEB8D3BC}.Debug|iPhoneSimulator.Deploy.0 = Debug|Any CPU
		{313C635C-2045-4728-8DEF-65F6CEB8D3BC}.Debug|x64.ActiveCfg = Debug|x64
		{313C635C-2045-4728-8DEF-65F6CEB8D3BC}.Debug|x64.Build.0 = Debug|x64
		{313C635C-2045-4728-8DEF-65F6CEB8D3BC}.Debug|x64.Deploy.0 = Debug|x64
		{313C635C-2045-4728-8DEF-65F6CEB8D3BC}.Debug|x86.ActiveCfg = Debug|x86
		{313C635C-2045-4728-8DEF-65F6CEB8D3BC}.Debug|x86.Build.0 = Debug|x86
		{313C635C-2045-4728-8DEF-65F6CEB8D3BC}.Debug|x86.Deploy.0 = Debug|x86
		{313C635C-2045-4728-8DEF-65F6CEB8D3BC}.Release|Any CPU.ActiveCfg = Release|Any CPU
		{313C635C-2045-4728-8DEF-65F6CEB8D3BC}.Release|Any CPU.Build.0 = Release|Any CPU
		{313C635C-2045-4728-8DEF-65F6CEB8D3BC}.Release|Any CPU.Deploy.0 = Release|Any CPU
		{313C635C-2045-4728-8DEF-65F6CEB8D3BC}.Release|ARM.ActiveCfg = Release|ARM
		{313C635C-2045-4728-8DEF-65F6CEB8D3BC}.Release|ARM.Build.0 = Release|ARM
		{313C635C-2045-4728-8DEF-65F6CEB8D3BC}.Release|ARM.Deploy.0 = Release|ARM
		{313C635C-2045-4728-8DEF-65F6CEB8D3BC}.Release|iPhone.ActiveCfg = Release|Any CPU
		{313C635C-2045-4728-8DEF-65F6CEB8D3BC}.Release|iPhone.Build.0 = Release|Any CPU
		{313C635C-2045-4728-8DEF-65F6CEB8D3BC}.Release|iPhone.Deploy.0 = Release|Any CPU
		{313C635C-2045-4728-8DEF-65F6CEB8D3BC}.Release|iPhoneSimulator.ActiveCfg = Release|Any CPU
		{313C635C-2045-4728-8DEF-65F6CEB8D3BC}.Release|iPhoneSimulator.Build.0 = Release|Any CPU
		{313C635C-2045-4728-8DEF-65F6CEB8D3BC}.Release|iPhoneSimulator.Deploy.0 = Release|Any CPU
		{313C635C-2045-4728-8DEF-65F6CEB8D3BC}.Release|x64.ActiveCfg = Release|x64
		{313C635C-2045-4728-8DEF-65F6CEB8D3BC}.Release|x64.Build.0 = Release|x64
		{313C635C-2045-4728-8DEF-65F6CEB8D3BC}.Release|x64.Deploy.0 = Release|x64
		{313C635C-2045-4728-8DEF-65F6CEB8D3BC}.Release|x86.ActiveCfg = Release|x86
		{313C635C-2045-4728-8DEF-65F6CEB8D3BC}.Release|x86.Build.0 = Release|x86
		{313C635C-2045-4728-8DEF-65F6CEB8D3BC}.Release|x86.Deploy.0 = Release|x86
	EndGlobalSection
	GlobalSection(SolutionProperties) = preSolution
		HideSolutionNode = FALSE
	EndGlobalSection
EndGlobal
